
Microsoft Visual Studio Solution File, Format Version 12.00
# Visual Studio 2013
VisualStudioVersion = 12.0.31101.0
MinimumVisualStudioVersion = 10.0.40219.1
Project("{8BC9CEB8-8B4A-11D0-8D11-00A0C91BC942}") = "xdk", "..\xdk\xdk.vcxproj", "{EE48B4D2-6A3C-44D6-9A28-A8720486B5C7}"
EndProject
Project("{8BC9CEB8-8B4A-11D0-8D11-00A0C91BC942}") = "xdl", "..\xdl\xdl.vcxproj", "{3EC4F913-91BD-4891-9EE3-3A2C3A0E2CE5}"
EndProject
Project("{8BC9CEB8-8B4A-11D0-8D11-00A0C91BC942}") = "xdk_lib_test", "..\test\xdk_lib_test\xdk_lib_test.vcxproj", "{FE10ED3E-1541-4548-99A3-F03633B93FEC}"
EndProject
Project("{8BC9CEB8-8B4A-11D0-8D11-00A0C91BC942}") = "xdl_util_test", "..\test\xdl_util_test\xdl_util_test.vcxproj", "{EA71863B-7A9F-45D4-A4A8-C4881B121973}"
EndProject
Project("{8BC9CEB8-8B4A-11D0-8D11-00A0C91BC942}") = "xdu", "..\xdu\xdu.vcxproj", "{63B69F1F-D8F7-4814-AEB6-DAB9E63615DE}"
EndProject
Project("{8BC9CEB8-8B4A-11D0-8D11-00A0C91BC942}") = "xdc", "..\xdc\xdc.vcxproj", "{673B8A85-F707-4327-A4F4-3FB3FA1E3C04}"
EndProject
Project("{8BC9CEB8-8B4A-11D0-8D11-00A0C91BC942}") = "xdb_odbc", "..\xdb_odbc\xdb_odbc.vcxproj", "{2222FD2E-7413-4694-88A9-CBA5C27C96D0}"
EndProject
Project("{8BC9CEB8-8B4A-11D0-8D11-00A0C91BC942}") = "xdb_oci", "..\xdb_oci\xdb_oci.vcxproj", "{84828FCB-13F5-42AD-8E5B-29883B45DFD3}"
EndProject
Project("{8BC9CEB8-8B4A-11D0-8D11-00A0C91BC942}") = "xdb_mysql", "..\xdb_mysql\xdb_mysql.vcxproj", "{C66115B1-3487-4F6E-9D9A-04BFE5173361}"
EndProject
Project("{8BC9CEB8-8B4A-11D0-8D11-00A0C91BC942}") = "dicm", "..\dicm\dicm.vcxproj", "{BBEF23B7-72D9-4F0B-803D-CB22C164B08E}"
EndProject
Project("{8BC9CEB8-8B4A-11D0-8D11-00A0C91BC942}") = "xdb_postgre", "..\xdb_postgre\xdb_postgre.vcxproj", "{2B989277-3778-4822-9AED-90D9BCFD2619}"
EndProject
Project("{8BC9CEB8-8B4A-11D0-8D11-00A0C91BC942}") = "xdb_stub", "..\xdb_stub\xdb_stub.vcxproj", "{64B5F1FC-706F-4992-8972-76005A4A9351}"
EndProject
Project("{8BC9CEB8-8B4A-11D0-8D11-00A0C91BC942}") = "dici", "..\dici\dici.vcxproj", "{496ABE00-1FA7-48A8-9024-B19329814746}"
EndProject
Project("{8BC9CEB8-8B4A-11D0-8D11-00A0C91BC942}") = "xdk_net_test", "..\test\xdk_net_test\xdk_net_test.vcxproj", "{CC8D1DD1-08E9-48FE-81B6-89CF64CB2239}"
EndProject
Project("{8BC9CEB8-8B4A-11D0-8D11-00A0C91BC942}") = "xdu_lib_test", "..\test\xdu_lib_test\xdu_lib_test.vcxproj", "{AFCD0C89-C53B-4F95-9F0C-E02D45D5AE24}"
EndProject
Project("{8BC9CEB8-8B4A-11D0-8D11-00A0C91BC942}") = "xdb_lib_test", "..\test\xdb_lib_test\xdb_lib_test.vcxproj", "{60B17D3C-C2DC-4E50-B56E-1057803FC070}"
EndProject
Project("{8BC9CEB8-8B4A-11D0-8D11-00A0C91BC942}") = "xdc_frame_test", "..\test\xdc_frame_test\xdc_frame_test.vcxproj", "{EE57987C-2288-4EE7-B25D-E1B9A97A0D4C}"
EndProject
Project("{8BC9CEB8-8B4A-11D0-8D11-00A0C91BC942}") = "gen_glyph", "..\test\gen_glyph\gen_glyph.vcxproj", "{53AFB807-EABF-4066-B593-755FEB5FE09E}"
EndProject
Project("{8BC9CEB8-8B4A-11D0-8D11-00A0C91BC942}") = "xdk_mgc_test", "..\test\xdk_mgc_test\xdk_mgc_test.vcxproj", "{1D08B8FA-DF26-4774-BF72-D93A8364EE2C}"
EndProject
Project("{8BC9CEB8-8B4A-11D0-8D11-00A0C91BC942}") = "gen_acp", "..\gen_acp\gen_acp.vcxproj", "{D715DA05-8657-4A05-85CE-E565CA0E5030}"
EndProject
Project("{8BC9CEB8-8B4A-11D0-8D11-00A0C91BC942}") = "gen_sql", "..\gen_sql\gen_sql.vcxproj", "{B84F5A0C-3677-4C6A-91F2-C4450288E865}"
EndProject
Project("{8BC9CEB8-8B4A-11D0-8D11-00A0C91BC942}") = "cov_text", "..\cov_text\cov_text.vcxproj", "{18930D1E-3268-46F5-B18B-CDC5EC8546DE}"
EndProject
Global
	GlobalSection(SolutionConfigurationPlatforms) = preSolution
		Debug|Win32 = Debug|Win32
		Debug|x64 = Debug|x64
		Release|Win32 = Release|Win32
		Release|x64 = Release|x64
	EndGlobalSection
	GlobalSection(ProjectConfigurationPlatforms) = postSolution
		{EE48B4D2-6A3C-44D6-9A28-A8720486B5C7}.Debug|Win32.ActiveCfg = Debug|Win32
		{EE48B4D2-6A3C-44D6-9A28-A8720486B5C7}.Debug|Win32.Build.0 = Debug|Win32
		{EE48B4D2-6A3C-44D6-9A28-A8720486B5C7}.Debug|x64.ActiveCfg = Debug|x64
		{EE48B4D2-6A3C-44D6-9A28-A8720486B5C7}.Debug|x64.Build.0 = Debug|x64
		{EE48B4D2-6A3C-44D6-9A28-A8720486B5C7}.Release|Win32.ActiveCfg = Release|Win32
		{EE48B4D2-6A3C-44D6-9A28-A8720486B5C7}.Release|Win32.Build.0 = Release|Win32
		{EE48B4D2-6A3C-44D6-9A28-A8720486B5C7}.Release|x64.ActiveCfg = Release|x64
		{EE48B4D2-6A3C-44D6-9A28-A8720486B5C7}.Release|x64.Build.0 = Release|x64
		{3EC4F913-91BD-4891-9EE3-3A2C3A0E2CE5}.Debug|Win32.ActiveCfg = Debug|Win32
		{3EC4F913-91BD-4891-9EE3-3A2C3A0E2CE5}.Debug|Win32.Build.0 = Debug|Win32
		{3EC4F913-91BD-4891-9EE3-3A2C3A0E2CE5}.Debug|x64.ActiveCfg = Debug|x64
		{3EC4F913-91BD-4891-9EE3-3A2C3A0E2CE5}.Debug|x64.Build.0 = Debug|x64
		{3EC4F913-91BD-4891-9EE3-3A2C3A0E2CE5}.Release|Win32.ActiveCfg = Release|Win32
		{3EC4F913-91BD-4891-9EE3-3A2C3A0E2CE5}.Release|Win32.Build.0 = Release|Win32
		{3EC4F913-91BD-4891-9EE3-3A2C3A0E2CE5}.Release|x64.ActiveCfg = Release|x64
		{3EC4F913-91BD-4891-9EE3-3A2C3A0E2CE5}.Release|x64.Build.0 = Release|x64
		{FE10ED3E-1541-4548-99A3-F03633B93FEC}.Debug|Win32.ActiveCfg = Debug|Win32
		{FE10ED3E-1541-4548-99A3-F03633B93FEC}.Debug|Win32.Build.0 = Debug|Win32
		{FE10ED3E-1541-4548-99A3-F03633B93FEC}.Debug|x64.ActiveCfg = Debug|x64
		{FE10ED3E-1541-4548-99A3-F03633B93FEC}.Debug|x64.Build.0 = Debug|x64
		{FE10ED3E-1541-4548-99A3-F03633B93FEC}.Release|Win32.ActiveCfg = Release|Win32
		{FE10ED3E-1541-4548-99A3-F03633B93FEC}.Release|Win32.Build.0 = Release|Win32
		{FE10ED3E-1541-4548-99A3-F03633B93FEC}.Release|x64.ActiveCfg = Release|x64
		{FE10ED3E-1541-4548-99A3-F03633B93FEC}.Release|x64.Build.0 = Release|x64
		{EA71863B-7A9F-45D4-A4A8-C4881B121973}.Debug|Win32.ActiveCfg = Debug|Win32
		{EA71863B-7A9F-45D4-A4A8-C4881B121973}.Debug|Win32.Build.0 = Debug|Win32
		{EA71863B-7A9F-45D4-A4A8-C4881B121973}.Debug|x64.ActiveCfg = Debug|x64
		{EA71863B-7A9F-45D4-A4A8-C4881B121973}.Debug|x64.Build.0 = Debug|x64
		{EA71863B-7A9F-45D4-A4A8-C4881B121973}.Release|Win32.ActiveCfg = Release|Win32
		{EA71863B-7A9F-45D4-A4A8-C4881B121973}.Release|Win32.Build.0 = Release|Win32
		{EA71863B-7A9F-45D4-A4A8-C4881B121973}.Release|x64.ActiveCfg = Release|x64
		{EA71863B-7A9F-45D4-A4A8-C4881B121973}.Release|x64.Build.0 = Release|x64
		{63B69F1F-D8F7-4814-AEB6-DAB9E63615DE}.Debug|Win32.ActiveCfg = Debug|Win32
		{63B69F1F-D8F7-4814-AEB6-DAB9E63615DE}.Debug|Win32.Build.0 = Debug|Win32
		{63B69F1F-D8F7-4814-AEB6-DAB9E63615DE}.Debug|x64.ActiveCfg = Debug|x64
		{63B69F1F-D8F7-4814-AEB6-DAB9E63615DE}.Debug|x64.Build.0 = Debug|x64
		{63B69F1F-D8F7-4814-AEB6-DAB9E63615DE}.Release|Win32.ActiveCfg = Release|Win32
		{63B69F1F-D8F7-4814-AEB6-DAB9E63615DE}.Release|Win32.Build.0 = Release|Win32
		{63B69F1F-D8F7-4814-AEB6-DAB9E63615DE}.Release|x64.ActiveCfg = Release|x64
		{63B69F1F-D8F7-4814-AEB6-DAB9E63615DE}.Release|x64.Build.0 = Release|x64
		{673B8A85-F707-4327-A4F4-3FB3FA1E3C04}.Debug|Win32.ActiveCfg = Debug|Win32
		{673B8A85-F707-4327-A4F4-3FB3FA1E3C04}.Debug|Win32.Build.0 = Debug|Win32
		{673B8A85-F707-4327-A4F4-3FB3FA1E3C04}.Debug|x64.ActiveCfg = Debug|x64
		{673B8A85-F707-4327-A4F4-3FB3FA1E3C04}.Debug|x64.Build.0 = Debug|x64
		{673B8A85-F707-4327-A4F4-3FB3FA1E3C04}.Release|Win32.ActiveCfg = Release|Win32
		{673B8A85-F707-4327-A4F4-3FB3FA1E3C04}.Release|Win32.Build.0 = Release|Win32
		{673B8A85-F707-4327-A4F4-3FB3FA1E3C04}.Release|x64.ActiveCfg = Release|x64
		{673B8A85-F707-4327-A4F4-3FB3FA1E3C04}.Release|x64.Build.0 = Release|x64
		{2222FD2E-7413-4694-88A9-CBA5C27C96D0}.Debug|Win32.ActiveCfg = Debug|Win32
		{2222FD2E-7413-4694-88A9-CBA5C27C96D0}.Debug|Win32.Build.0 = Debug|Win32
		{2222FD2E-7413-4694-88A9-CBA5C27C96D0}.Debug|x64.ActiveCfg = Debug|x64
		{2222FD2E-7413-4694-88A9-CBA5C27C96D0}.Debug|x64.Build.0 = Debug|x64
		{2222FD2E-7413-4694-88A9-CBA5C27C96D0}.Release|Win32.ActiveCfg = Release|Win32
		{2222FD2E-7413-4694-88A9-CBA5C27C96D0}.Release|Win32.Build.0 = Release|Win32
		{2222FD2E-7413-4694-88A9-CBA5C27C96D0}.Release|x64.ActiveCfg = Release|x64
		{2222FD2E-7413-4694-88A9-CBA5C27C96D0}.Release|x64.Build.0 = Release|x64
		{84828FCB-13F5-42AD-8E5B-29883B45DFD3}.Debug|Win32.ActiveCfg = Debug|Win32
		{84828FCB-13F5-42AD-8E5B-29883B45DFD3}.Debug|Win32.Build.0 = Debug|Win32
		{84828FCB-13F5-42AD-8E5B-29883B45DFD3}.Debug|x64.ActiveCfg = Debug|x64
		{84828FCB-13F5-42AD-8E5B-29883B45DFD3}.Debug|x64.Build.0 = Debug|x64
		{84828FCB-13F5-42AD-8E5B-29883B45DFD3}.Release|Win32.ActiveCfg = Release|Win32
		{84828FCB-13F5-42AD-8E5B-29883B45DFD3}.Release|Win32.Build.0 = Release|Win32
		{84828FCB-13F5-42AD-8E5B-29883B45DFD3}.Release|x64.ActiveCfg = Release|x64
		{84828FCB-13F5-42AD-8E5B-29883B45DFD3}.Release|x64.Build.0 = Release|x64
		{C66115B1-3487-4F6E-9D9A-04BFE5173361}.Debug|Win32.ActiveCfg = Debug|Win32
		{C66115B1-3487-4F6E-9D9A-04BFE5173361}.Debug|Win32.Build.0 = Debug|Win32
		{C66115B1-3487-4F6E-9D9A-04BFE5173361}.Debug|x64.ActiveCfg = Debug|x64
		{C66115B1-3487-4F6E-9D9A-04BFE5173361}.Debug|x64.Build.0 = Debug|x64
		{C66115B1-3487-4F6E-9D9A-04BFE5173361}.Release|Win32.ActiveCfg = Release|Win32
		{C66115B1-3487-4F6E-9D9A-04BFE5173361}.Release|Win32.Build.0 = Release|Win32
		{C66115B1-3487-4F6E-9D9A-04BFE5173361}.Release|x64.ActiveCfg = Release|x64
		{C66115B1-3487-4F6E-9D9A-04BFE5173361}.Release|x64.Build.0 = Release|x64
		{BBEF23B7-72D9-4F0B-803D-CB22C164B08E}.Debug|Win32.ActiveCfg = Debug|Win32
		{BBEF23B7-72D9-4F0B-803D-CB22C164B08E}.Debug|Win32.Build.0 = Debug|Win32
		{BBEF23B7-72D9-4F0B-803D-CB22C164B08E}.Debug|x64.ActiveCfg = Debug|x64
		{BBEF23B7-72D9-4F0B-803D-CB22C164B08E}.Debug|x64.Build.0 = Debug|x64
		{BBEF23B7-72D9-4F0B-803D-CB22C164B08E}.Release|Win32.ActiveCfg = Release|Win32
		{BBEF23B7-72D9-4F0B-803D-CB22C164B08E}.Release|Win32.Build.0 = Release|Win32
		{BBEF23B7-72D9-4F0B-803D-CB22C164B08E}.Release|x64.ActiveCfg = Release|x64
		{BBEF23B7-72D9-4F0B-803D-CB22C164B08E}.Release|x64.Build.0 = Release|x64
		{2B989277-3778-4822-9AED-90D9BCFD2619}.Debug|Win32.ActiveCfg = Debug|Win32
		{2B989277-3778-4822-9AED-90D9BCFD2619}.Debug|Win32.Build.0 = Debug|Win32
		{2B989277-3778-4822-9AED-90D9BCFD2619}.Debug|x64.ActiveCfg = Debug|x64
		{2B989277-3778-4822-9AED-90D9BCFD2619}.Debug|x64.Build.0 = Debug|x64
		{2B989277-3778-4822-9AED-90D9BCFD2619}.Release|Win32.ActiveCfg = Release|Win32
		{2B989277-3778-4822-9AED-90D9BCFD2619}.Release|Win32.Build.0 = Release|Win32
		{2B989277-3778-4822-9AED-90D9BCFD2619}.Release|x64.ActiveCfg = Release|x64
		{2B989277-3778-4822-9AED-90D9BCFD2619}.Release|x64.Build.0 = Release|x64
		{64B5F1FC-706F-4992-8972-76005A4A9351}.Debug|Win32.ActiveCfg = Debug|Win32
		{64B5F1FC-706F-4992-8972-76005A4A9351}.Debug|Win32.Build.0 = Debug|Win32
		{64B5F1FC-706F-4992-8972-76005A4A9351}.Debug|x64.ActiveCfg = Debug|x64
		{64B5F1FC-706F-4992-8972-76005A4A9351}.Debug|x64.Build.0 = Debug|x64
		{64B5F1FC-706F-4992-8972-76005A4A9351}.Release|Win32.ActiveCfg = Release|Win32
		{64B5F1FC-706F-4992-8972-76005A4A9351}.Release|Win32.Build.0 = Release|Win32
		{64B5F1FC-706F-4992-8972-76005A4A9351}.Release|x64.ActiveCfg = Release|x64
		{64B5F1FC-706F-4992-8972-76005A4A9351}.Release|x64.Build.0 = Release|x64
		{496ABE00-1FA7-48A8-9024-B19329814746}.Debug|Win32.ActiveCfg = Debug|Win32
		{496ABE00-1FA7-48A8-9024-B19329814746}.Debug|Win32.Build.0 = Debug|Win32
		{496ABE00-1FA7-48A8-9024-B19329814746}.Debug|x64.ActiveCfg = Debug|x64
		{496ABE00-1FA7-48A8-9024-B19329814746}.Debug|x64.Build.0 = Debug|x64
		{496ABE00-1FA7-48A8-9024-B19329814746}.Release|Win32.ActiveCfg = Release|Win32
		{496ABE00-1FA7-48A8-9024-B19329814746}.Release|Win32.Build.0 = Release|Win32
		{496ABE00-1FA7-48A8-9024-B19329814746}.Release|x64.ActiveCfg = Release|x64
		{496ABE00-1FA7-48A8-9024-B19329814746}.Release|x64.Build.0 = Release|x64
		{CC8D1DD1-08E9-48FE-81B6-89CF64CB2239}.Debug|Win32.ActiveCfg = Debug|Win32
		{CC8D1DD1-08E9-48FE-81B6-89CF64CB2239}.Debug|Win32.Build.0 = Debug|Win32
		{CC8D1DD1-08E9-48FE-81B6-89CF64CB2239}.Debug|x64.ActiveCfg = Debug|x64
		{CC8D1DD1-08E9-48FE-81B6-89CF64CB2239}.Debug|x64.Build.0 = Debug|x64
		{CC8D1DD1-08E9-48FE-81B6-89CF64CB2239}.Release|Win32.ActiveCfg = Release|Win32
		{CC8D1DD1-08E9-48FE-81B6-89CF64CB2239}.Release|Win32.Build.0 = Release|Win32
		{CC8D1DD1-08E9-48FE-81B6-89CF64CB2239}.Release|x64.ActiveCfg = Release|x64
		{CC8D1DD1-08E9-48FE-81B6-89CF64CB2239}.Release|x64.Build.0 = Release|x64
		{AFCD0C89-C53B-4F95-9F0C-E02D45D5AE24}.Debug|Win32.ActiveCfg = Debug|Win32
		{AFCD0C89-C53B-4F95-9F0C-E02D45D5AE24}.Debug|Win32.Build.0 = Debug|Win32
		{AFCD0C89-C53B-4F95-9F0C-E02D45D5AE24}.Debug|x64.ActiveCfg = Debug|x64
		{AFCD0C89-C53B-4F95-9F0C-E02D45D5AE24}.Debug|x64.Build.0 = Debug|x64
		{AFCD0C89-C53B-4F95-9F0C-E02D45D5AE24}.Release|Win32.ActiveCfg = Release|Win32
		{AFCD0C89-C53B-4F95-9F0C-E02D45D5AE24}.Release|Win32.Build.0 = Release|Win32
		{AFCD0C89-C53B-4F95-9F0C-E02D45D5AE24}.Release|x64.ActiveCfg = Release|x64
		{AFCD0C89-C53B-4F95-9F0C-E02D45D5AE24}.Release|x64.Build.0 = Release|x64
		{60B17D3C-C2DC-4E50-B56E-1057803FC070}.Debug|Win32.ActiveCfg = Debug|Win32
		{60B17D3C-C2DC-4E50-B56E-1057803FC070}.Debug|Win32.Build.0 = Debug|Win32
		{60B17D3C-C2DC-4E50-B56E-1057803FC070}.Debug|x64.ActiveCfg = Debug|x64
		{60B17D3C-C2DC-4E50-B56E-1057803FC070}.Debug|x64.Build.0 = Debug|x64
		{60B17D3C-C2DC-4E50-B56E-1057803FC070}.Release|Win32.ActiveCfg = Release|Win32
		{60B17D3C-C2DC-4E50-B56E-1057803FC070}.Release|Win32.Build.0 = Release|Win32
		{60B17D3C-C2DC-4E50-B56E-1057803FC070}.Release|x64.ActiveCfg = Release|x64
		{60B17D3C-C2DC-4E50-B56E-1057803FC070}.Release|x64.Build.0 = Release|x64
		{EE57987C-2288-4EE7-B25D-E1B9A97A0D4C}.Debug|Win32.ActiveCfg = Debug|Win32
		{EE57987C-2288-4EE7-B25D-E1B9A97A0D4C}.Debug|Win32.Build.0 = Debug|Win32
		{EE57987C-2288-4EE7-B25D-E1B9A97A0D4C}.Debug|x64.ActiveCfg = Debug|x64
		{EE57987C-2288-4EE7-B25D-E1B9A97A0D4C}.Debug|x64.Build.0 = Debug|x64
		{EE57987C-2288-4EE7-B25D-E1B9A97A0D4C}.Release|Win32.ActiveCfg = Release|Win32
		{EE57987C-2288-4EE7-B25D-E1B9A97A0D4C}.Release|Win32.Build.0 = Release|Win32
		{EE57987C-2288-4EE7-B25D-E1B9A97A0D4C}.Release|x64.ActiveCfg = Release|x64
		{EE57987C-2288-4EE7-B25D-E1B9A97A0D4C}.Release|x64.Build.0 = Release|x64
		{53AFB807-EABF-4066-B593-755FEB5FE09E}.Debug|Win32.ActiveCfg = Debug|Win32
		{53AFB807-EABF-4066-B593-755FEB5FE09E}.Debug|Win32.Build.0 = Debug|Win32
		{53AFB807-EABF-4066-B593-755FEB5FE09E}.Debug|x64.ActiveCfg = Debug|Win32
		{53AFB807-EABF-4066-B593-755FEB5FE09E}.Release|Win32.ActiveCfg = Release|Win32
		{53AFB807-EABF-4066-B593-755FEB5FE09E}.Release|Win32.Build.0 = Release|Win32
		{53AFB807-EABF-4066-B593-755FEB5FE09E}.Release|x64.ActiveCfg = Release|Win32
		{1D08B8FA-DF26-4774-BF72-D93A8364EE2C}.Debug|Win32.ActiveCfg = Debug|Win32
		{1D08B8FA-DF26-4774-BF72-D93A8364EE2C}.Debug|Win32.Build.0 = Debug|Win32
		{1D08B8FA-DF26-4774-BF72-D93A8364EE2C}.Debug|x64.ActiveCfg = Debug|x64
		{1D08B8FA-DF26-4774-BF72-D93A8364EE2C}.Debug|x64.Build.0 = Debug|x64
		{1D08B8FA-DF26-4774-BF72-D93A8364EE2C}.Release|Win32.ActiveCfg = Release|Win32
		{1D08B8FA-DF26-4774-BF72-D93A8364EE2C}.Release|Win32.Build.0 = Release|Win32
		{1D08B8FA-DF26-4774-BF72-D93A8364EE2C}.Release|x64.ActiveCfg = Release|Win32
		{D715DA05-8657-4A05-85CE-E565CA0E5030}.Debug|Win32.ActiveCfg = Debug|Win32
		{D715DA05-8657-4A05-85CE-E565CA0E5030}.Debug|Win32.Build.0 = Debug|Win32
		{D715DA05-8657-4A05-85CE-E565CA0E5030}.Debug|x64.ActiveCfg = Debug|Win32
		{D715DA05-8657-4A05-85CE-E565CA0E5030}.Release|Win32.ActiveCfg = Release|Win32
		{D715DA05-8657-4A05-85CE-E565CA0E5030}.Release|Win32.Build.0 = Release|Win32
		{D715DA05-8657-4A05-85CE-E565CA0E5030}.Release|x64.ActiveCfg = Release|Win32
		{B84F5A0C-3677-4C6A-91F2-C4450288E865}.Debug|Win32.ActiveCfg = Debug|Win32
		{B84F5A0C-3677-4C6A-91F2-C4450288E865}.Debug|Win32.Build.0 = Debug|Win32
		{B84F5A0C-3677-4C6A-91F2-C4450288E865}.Debug|x64.ActiveCfg = Debug|Win32
		{B84F5A0C-3677-4C6A-91F2-C4450288E865}.Release|Win32.ActiveCfg = Release|Win32
		{B84F5A0C-3677-4C6A-91F2-C4450288E865}.Release|Win32.Build.0 = Release|Win32
		{B84F5A0C-3677-4C6A-91F2-C4450288E865}.Release|x64.ActiveCfg = Release|Win32
		{18930D1E-3268-46F5-B18B-CDC5EC8546DE}.Debug|Win32.ActiveCfg = Debug|Win32
		{18930D1E-3268-46F5-B18B-CDC5EC8546DE}.Debug|Win32.Build.0 = Debug|Win32
		{18930D1E-3268-46F5-B18B-CDC5EC8546DE}.Debug|x64.ActiveCfg = Debug|Win32
		{18930D1E-3268-46F5-B18B-CDC5EC8546DE}.Release|Win32.ActiveCfg = Release|Win32
		{18930D1E-3268-46F5-B18B-CDC5EC8546DE}.Release|Win32.Build.0 = Release|Win32
		{18930D1E-3268-46F5-B18B-CDC5EC8546DE}.Release|x64.ActiveCfg = Release|Win32
	EndGlobalSection
	GlobalSection(SolutionProperties) = preSolution
		HideSolutionNode = FALSE
	EndGlobalSection
EndGlobal
